
Microsoft Visual Studio Solution File, Format Version 12.00
# Visual Studio Version 16
VisualStudioVersion = 16.0.31605.320
MinimumVisualStudioVersion = 10.0.40219.1
Project("{F184B08F-C81C-45F6-A57F-5ABD9991F28F}") = "MsAzures", "MsAzures\MsAzures.vbproj", "{E5B455AE-F7D8-4879-B652-AD2D61E84022}"
EndProject
Global
	GlobalSection(SolutionConfigurationPlatforms) = preSolution
		Debug|Any CPU = Debug|Any CPU
		Release|Any CPU = Release|Any CPU
	EndGlobalSection
	GlobalSection(ProjectConfigurationPlatforms) = postSolution
		{E5B455AE-F7D8-4879-B652-AD2D61E84022}.Debug|Any CPU.ActiveCfg = Debug|Any CPU
		{E5B455AE-F7D8-4879-B652-AD2D61E84022}.Debug|Any CPU.Build.0 = Debug|Any CPU
		{E5B455AE-F7D8-4879-B652-AD2D61E84022}.Release|Any CPU.ActiveCfg = Release|Any CPU
		{E5B455AE-F7D8-4879-B652-AD2D61E84022}.Release|Any CPU.Build.0 = Release|Any CPU
	EndGlobalSection
	GlobalSection(SolutionProperties) = preSolution
		HideSolutionNode = FALSE
	EndGlobalSection
	GlobalSection(ExtensibilityGlobals) = postSolution
		SolutionGuid = {1B571CA7-8CCB-4023-9A74-D935483668D2}
	EndGlobalSection
EndGlobal
